
Microsoft Visual Studio Solution File, Format Version 12.00
# Visual Studio 15
VisualStudioVersion = 15.0.28307.271
MinimumVisualStudioVersion = 10.0.40219.1
Project("{FAE04EC0-301F-11D3-BF4B-00C04F79EFBC}") = "Beesit2", "Beesit2\Beesit2.csproj", "{A8B32170-7A54-434F-8173-CB67AC2DC09A}"
EndProject
Project("{FAE04EC0-301F-11D3-BF4B-00C04F79EFBC}") = "BrainStorm", "..\..\..\source\repos\BrainStorm\BrainStorm\BrainStorm.csproj", "{72C4772E-7425-450B-8248-912513A02AB2}"
EndProject
Global
	GlobalSection(SolutionConfigurationPlatforms) = preSolution
		Debug|Any CPU = Debug|Any CPU
		Release|Any CPU = Release|Any CPU
	EndGlobalSection
	GlobalSection(ProjectConfigurationPlatforms) = postSolution
		{A8B32170-7A54-434F-8173-CB67AC2DC09A}.Debug|Any CPU.ActiveCfg = Debug|Any CPU
		{A8B32170-7A54-434F-8173-CB67AC2DC09A}.Debug|Any CPU.Build.0 = Debug|Any CPU
		{A8B32170-7A54-434F-8173-CB67AC2DC09A}.Release|Any CPU.ActiveCfg = Release|Any CPU
		{A8B32170-7A54-434F-8173-CB67AC2DC09A}.Release|Any CPU.Build.0 = Release|Any CPU
		{72C4772E-7425-450B-8248-912513A02AB2}.Debug|Any CPU.ActiveCfg = Debug|Any CPU
		{72C4772E-7425-450B-8248-912513A02AB2}.Debug|Any CPU.Build.0 = Debug|Any CPU
		{72C4772E-7425-450B-8248-912513A02AB2}.Release|Any CPU.ActiveCfg = Release|Any CPU
		{72C4772E-7425-450B-8248-912513A02AB2}.Release|Any CPU.Build.0 = Release|Any CPU
	EndGlobalSection
	GlobalSection(SolutionProperties) = preSolution
		HideSolutionNode = FALSE
	EndGlobalSection
	GlobalSection(ExtensibilityGlobals) = postSolution
		SolutionGuid = {3621D750-7F8B-457B-8A16-24CC9A51E5FF}
	EndGlobalSection
EndGlobal
